
Microsoft Visual Studio Solution File, Format Version 10.00
# Visual Studio 2008
Project("{FAE04EC0-301F-11D3-BF4B-00C04F79EFBC}") = "PocketBlogerPPC", "PocketBlogerPPC\PocketBlogerPPC.csproj", "{9D3AFACB-BD94-41DF-9564-99217916DC80}"
EndProject
Project("{B900F1C2-3D47-4FEC-85B3-04AAF18C3634}") = "pblogerppc", "pblogerppc\pblogerppc.vddproj", "{C440F217-EFDA-48ED-A70C-02229E265645}"
EndProject
Global
	GlobalSection(SolutionConfigurationPlatforms) = preSolution
		Debug|Any CPU = Debug|Any CPU
		Release|Any CPU = Release|Any CPU
	EndGlobalSection
	GlobalSection(ProjectConfigurationPlatforms) = postSolution
		{9D3AFACB-BD94-41DF-9564-99217916DC80}.Debug|Any CPU.ActiveCfg = Release|Any CPU
		{9D3AFACB-BD94-41DF-9564-99217916DC80}.Debug|Any CPU.Build.0 = Release|Any CPU
		{9D3AFACB-BD94-41DF-9564-99217916DC80}.Debug|Any CPU.Deploy.0 = Release|Any CPU
		{9D3AFACB-BD94-41DF-9564-99217916DC80}.Release|Any CPU.ActiveCfg = Release|Any CPU
		{9D3AFACB-BD94-41DF-9564-99217916DC80}.Release|Any CPU.Build.0 = Release|Any CPU
		{9D3AFACB-BD94-41DF-9564-99217916DC80}.Release|Any CPU.Deploy.0 = Release|Any CPU
		{C440F217-EFDA-48ED-A70C-02229E265645}.Debug|Any CPU.ActiveCfg = Debug
		{C440F217-EFDA-48ED-A70C-02229E265645}.Release|Any CPU.ActiveCfg = Release
	EndGlobalSection
	GlobalSection(SolutionProperties) = preSolution
		HideSolutionNode = FALSE
	EndGlobalSection
EndGlobal
